# This file is automatically @generated by Cargo.
# It is not intended for manual editing.
version = 3

[[package]]
name = "DIDCOMM-DEMO"
version = "0.1.0"
dependencies = [
 "didcomm",
]

[[package]]
name = "aead"
version = "0.4.3"
source = "registry+https://github.com/rust-lang/crates.io-index"
checksum = "0b613b8e1e3cf911a086f53f03bf286f52fd7a7258e4fa606f0ef220d39d8877"
dependencies = [
 "generic-array",
]

[[package]]
name = "aes"
version = "0.7.5"
source = "registry+https://github.com/rust-lang/crates.io-index"
checksum = "9e8b47f52ea9bae42228d07ec09eb676433d7c4ed1ebdf0f1d1c29ed446f1ab8"
dependencies = [
 "cfg-if",
 "cipher",
 "cpufeatures 0.2.14",
 "opaque-debug",
]

[[package]]
name = "aes-gcm"
version = "0.9.4"
source = "registry+https://github.com/rust-lang/crates.io-index"
checksum = "df5f85a83a7d8b0442b6aa7b504b8212c1733da07b98aae43d4bc21b2cb3cdf6"
dependencies = [
 "aead",
 "aes",
 "cipher",
 "ctr",
 "ghash",
 "subtle",
]

[[package]]
name = "anyhow"
version = "1.0.89"
source = "registry+https://github.com/rust-lang/crates.io-index"
checksum = "86fdf8605db99b54d3cd748a44c6d04df638eb5dafb219b135d0149bd0db01f6"

[[package]]
name = "askar-crypto"
version = "0.2.5"
source = "registry+https://github.com/rust-lang/crates.io-index"
checksum = "5f79d13c52b9acb5bc6b0d6b97f471bcf9679bd3113087d3d2e7132a09570d2c"
dependencies = [
 "aead",
 "aes",
 "aes-gcm",
 "base64",
 "blake2",
 "block-modes",
 "bls12_381",
 "chacha20",
 "chacha20poly1305",
 "crypto_box",
 "curve25519-dalek",
 "digest 0.10.7",
 "ed25519-dalek",
 "elliptic-curve",
 "group",
 "hkdf",
 "hmac 0.12.1",
 "k256",
 "p256",
 "rand",
 "serde",
 "serde-json-core",
 "sha2 0.10.8",
 "subtle",
 "x25519-dalek",
 "zeroize",
]

[[package]]
name = "async-trait"
version = "0.1.83"
source = "registry+https://github.com/rust-lang/crates.io-index"
checksum = "721cae7de5c34fbb2acd27e21e6d2cf7b886dce0c27388d46c4e6c47ea4318dd"
dependencies = [
 "proc-macro2",
 "quote",
 "syn 2.0.79",
]

[[package]]
name = "base16ct"
version = "0.1.1"
source = "registry+https://github.com/rust-lang/crates.io-index"
checksum = "349a06037c7bf932dd7e7d1f653678b2038b9ad46a74102f1fc7bd7872678cce"

[[package]]
name = "base64"
version = "0.13.1"
source = "registry+https://github.com/rust-lang/crates.io-index"
checksum = "9e1b586273c5702936fe7b7d6896644d8be71e6314cfe09d3167c95f712589e8"

[[package]]
name = "bit_utils"
version = "0.1.1"
source = "registry+https://github.com/rust-lang/crates.io-index"
checksum = "f8114dca45a04a4bdaf03de9976a3131cf954827757f971d84cd431a9f2cc26d"

[[package]]
name = "blake2"
version = "0.10.6"
source = "registry+https://github.com/rust-lang/crates.io-index"
checksum = "46502ad458c9a52b69d4d4d32775c788b7a1b85e8bc9d482d92250fc0e3f8efe"
dependencies = [
 "digest 0.10.7",
]

[[package]]
name = "block-buffer"
version = "0.9.0"
source = "registry+https://github.com/rust-lang/crates.io-index"
checksum = "4152116fd6e9dadb291ae18fc1ec3575ed6d84c29642d97890f4b4a3417297e4"
dependencies = [
 "generic-array",
]

[[package]]
name = "block-buffer"
version = "0.10.4"
source = "registry+https://github.com/rust-lang/crates.io-index"
checksum = "3078c7629b62d3f0439517fa394996acacc5cbc91c5a20d8c658e77abd503a71"
dependencies = [
 "generic-array",
]

[[package]]
name = "block-modes"
version = "0.8.1"
source = "registry+https://github.com/rust-lang/crates.io-index"
checksum = "2cb03d1bed155d89dce0f845b7899b18a9a163e148fd004e1c28421a783e2d8e"
dependencies = [
 "block-padding",
 "cipher",
]

[[package]]
name = "block-padding"
version = "0.2.1"
source = "registry+https://github.com/rust-lang/crates.io-index"
checksum = "8d696c370c750c948ada61c69a0ee2cbbb9c50b1019ddb86d9317157a99c2cae"

[[package]]
name = "bls12_381"
version = "0.6.1"
source = "registry+https://github.com/rust-lang/crates.io-index"
checksum = "a829c821999c06be34de314eaeb7dd1b42be38661178bc26ad47a4eacebdb0f9"
dependencies = [
 "ff",
 "group",
 "rand_core 0.6.4",
 "subtle",
 "zeroize",
]

[[package]]
name = "bs58"
version = "0.4.0"
source = "registry+https://github.com/rust-lang/crates.io-index"
checksum = "771fe0050b883fcc3ea2359b1a96bcfbc090b7116eae7c3c512c7a083fdf23d3"

[[package]]
name = "byteorder"
version = "1.5.0"
source = "registry+https://github.com/rust-lang/crates.io-index"
checksum = "1fd0f2584146f6f2ef48085050886acf353beff7305ebd1ae69500e27c67f64b"

[[package]]
name = "cfg-if"
version = "1.0.0"
source = "registry+https://github.com/rust-lang/crates.io-index"
checksum = "baf1de4339761588bc0619e3cbc0120ee582ebb74b53b4efbf79117bd2da40fd"

[[package]]
name = "chacha20"
version = "0.7.1"
source = "registry+https://github.com/rust-lang/crates.io-index"
checksum = "fee7ad89dc1128635074c268ee661f90c3f7e83d9fd12910608c36b47d6c3412"
dependencies = [
 "cfg-if",
 "cipher",
 "cpufeatures 0.1.5",
 "zeroize",
]

[[package]]
name = "chacha20poly1305"
version = "0.8.0"
source = "registry+https://github.com/rust-lang/crates.io-index"
checksum = "1580317203210c517b6d44794abfbe600698276db18127e37ad3e69bf5e848e5"
dependencies = [
 "aead",
 "chacha20",
 "cipher",
 "poly1305",
 "zeroize",
]

[[package]]
name = "cipher"
version = "0.3.0"
source = "registry+https://github.com/rust-lang/crates.io-index"
checksum = "7ee52072ec15386f770805afd189a01c8841be8696bed250fa2f13c4c0d6dfb7"
dependencies = [
 "generic-array",
]

[[package]]
name = "const-oid"
version = "0.7.1"
source = "registry+https://github.com/rust-lang/crates.io-index"
checksum = "e4c78c047431fee22c1a7bb92e00ad095a02a983affe4d8a72e2a2c62c1b94f3"

[[package]]
name = "cpufeatures"
version = "0.1.5"
source = "registry+https://github.com/rust-lang/crates.io-index"
checksum = "66c99696f6c9dd7f35d486b9d04d7e6e202aa3e8c40d553f2fdf5e7e0c6a71ef"
dependencies = [
 "libc",
]

[[package]]
name = "cpufeatures"
version = "0.2.14"
source = "registry+https://github.com/rust-lang/crates.io-index"
checksum = "608697df725056feaccfa42cffdaeeec3fccc4ffc38358ecd19b243e716a78e0"
dependencies = [
 "libc",
]

[[package]]
name = "crypto-bigint"
version = "0.3.2"
source = "registry+https://github.com/rust-lang/crates.io-index"
checksum = "03c6a1d5fa1de37e071642dfa44ec552ca5b299adb128fab16138e24b548fd21"
dependencies = [
 "generic-array",
 "rand_core 0.6.4",
 "subtle",
 "zeroize",
]

[[package]]
name = "crypto-common"
version = "0.1.6"
source = "registry+https://github.com/rust-lang/crates.io-index"
checksum = "1bfb12502f3fc46cca1bb51ac28df9d618d813cdc3d2f25b9fe775a34af26bb3"
dependencies = [
 "generic-array",
 "typenum",
]

[[package]]
name = "crypto-mac"
version = "0.11.1"
source = "registry+https://github.com/rust-lang/crates.io-index"
checksum = "b1d1a86f49236c215f271d40892d5fc950490551400b02ef360692c29815c714"
dependencies = [
 "generic-array",
 "subtle",
]

[[package]]
name = "crypto_box"
version = "0.6.0"
source = "registry+https://github.com/rust-lang/crates.io-index"
checksum = "1efe589deb705b2dcc2b6ad84162d355b819d1205b8d8498c0d149e36b329c30"
dependencies = [
 "chacha20",
 "chacha20poly1305",
 "rand_core 0.6.4",
 "salsa20",
 "x25519-dalek",
 "xsalsa20poly1305",
 "zeroize",
]

[[package]]
name = "ctr"
version = "0.8.0"
source = "registry+https://github.com/rust-lang/crates.io-index"
checksum = "049bb91fb4aaf0e3c7efa6cd5ef877dbbbd15b39dad06d9948de4ec8a75761ea"
dependencies = [
 "cipher",
]

[[package]]
name = "curve25519-dalek"
version = "3.2.0"
source = "registry+https://github.com/rust-lang/crates.io-index"
checksum = "0b9fdf9972b2bd6af2d913799d9ebc165ea4d2e65878e329d9c6b372c4491b61"
dependencies = [
 "byteorder",
 "digest 0.9.0",
 "rand_core 0.5.1",
 "subtle",
 "zeroize",
]

[[package]]
name = "darling"
version = "0.12.4"
source = "registry+https://github.com/rust-lang/crates.io-index"
checksum = "5f2c43f534ea4b0b049015d00269734195e6d3f0f6635cb692251aca6f9f8b3c"
dependencies = [
 "darling_core",
 "darling_macro",
]

[[package]]
name = "darling_core"
version = "0.12.4"
source = "registry+https://github.com/rust-lang/crates.io-index"
checksum = "8e91455b86830a1c21799d94524df0845183fa55bafd9aa137b01c7d1065fa36"
dependencies = [
 "fnv",
 "ident_case",
 "proc-macro2",
 "quote",
 "syn 1.0.109",
]

[[package]]
name = "darling_macro"
version = "0.12.4"
source = "registry+https://github.com/rust-lang/crates.io-index"
checksum = "29b5acf0dea37a7f66f7b25d2c5e93fd46f8f6968b1a5d7a3e02e97768afc95a"
dependencies = [
 "darling_core",
 "quote",
 "syn 1.0.109",
]

[[package]]
name = "der"
version = "0.5.1"
source = "registry+https://github.com/rust-lang/crates.io-index"
checksum = "6919815d73839e7ad218de758883aae3a257ba6759ce7a9992501efbb53d705c"
dependencies = [
 "const-oid",
]

[[package]]
name = "didcomm"
version = "0.4.1"
source = "registry+https://github.com/rust-lang/crates.io-index"
checksum = "b5586dff7c7031f9bfb70908176722a1d3d768847c9a20fdfd74a3dfc727cd8d"
dependencies = [
 "anyhow",
 "askar-crypto",
 "async-trait",
 "base64",
 "bs58",
 "serde",
 "serde-enum-str",
 "serde_json",
 "sha2 0.9.9",
 "thiserror",
 "uuid",
 "varint",
]

[[package]]
name = "digest"
version = "0.9.0"
source = "registry+https://github.com/rust-lang/crates.io-index"
checksum = "d3dd60d1080a57a05ab032377049e0591415d2b31afd7028356dbf3cc6dcb066"
dependencies = [
 "generic-array",
]

[[package]]
name = "digest"
version = "0.10.7"
source = "registry+https://github.com/rust-lang/crates.io-index"
checksum = "9ed9a281f7bc9b7576e61468ba615a66a5c8cfdff42420a70aa82701a3b1e292"
dependencies = [
 "block-buffer 0.10.4",
 "crypto-common",
 "subtle",
]

[[package]]
name = "ecdsa"
version = "0.13.4"
source = "registry+https://github.com/rust-lang/crates.io-index"
checksum = "d0d69ae62e0ce582d56380743515fefaf1a8c70cec685d9677636d7e30ae9dc9"
dependencies = [
 "der",
 "elliptic-curve",
 "rfc6979",
 "signature",
]

[[package]]
name = "ed25519"
version = "1.5.3"
source = "registry+https://github.com/rust-lang/crates.io-index"
checksum = "91cff35c70bba8a626e3185d8cd48cc11b5437e1a5bcd15b9b5fa3c64b6dfee7"
dependencies = [
 "signature",
]

[[package]]
name = "ed25519-dalek"
version = "1.0.1"
source = "registry+https://github.com/rust-lang/crates.io-index"
checksum = "c762bae6dcaf24c4c84667b8579785430908723d5c889f469d76a41d59cc7a9d"
dependencies = [
 "curve25519-dalek",
 "ed25519",
 "sha2 0.9.9",
 "zeroize",
]

[[package]]
name = "elliptic-curve"
version = "0.11.12"
source = "registry+https://github.com/rust-lang/crates.io-index"
checksum = "25b477563c2bfed38a3b7a60964c49e058b2510ad3f12ba3483fd8f62c2306d6"
dependencies = [
 "base16ct",
 "crypto-bigint",
 "der",
 "ff",
 "generic-array",
 "group",
 "rand_core 0.6.4",
 "sec1",
 "subtle",
 "zeroize",
]

[[package]]
name = "ff"
version = "0.11.1"
source = "registry+https://github.com/rust-lang/crates.io-index"
checksum = "131655483be284720a17d74ff97592b8e76576dc25563148601df2d7c9080924"
dependencies = [
 "rand_core 0.6.4",
 "subtle",
]

[[package]]
name = "fnv"
version = "1.0.7"
source = "registry+https://github.com/rust-lang/crates.io-index"
checksum = "3f9eec918d3f24069decb9af1554cad7c880e2da24a9afd88aca000531ab82c1"

[[package]]
name = "generic-array"
version = "0.14.7"
source = "registry+https://github.com/rust-lang/crates.io-index"
checksum = "85649ca51fd72272d7821adaf274ad91c288277713d9c18820d8499a7ff69e9a"
dependencies = [
 "typenum",
 "version_check",
]

[[package]]
name = "getrandom"
version = "0.2.15"
source = "registry+https://github.com/rust-lang/crates.io-index"
checksum = "c4567c8db10ae91089c99af84c68c38da3ec2f087c3f82960bcdbf3656b6f4d7"
dependencies = [
 "cfg-if",
 "libc",
 "wasi",
]

[[package]]
name = "ghash"
version = "0.4.4"
source = "registry+https://github.com/rust-lang/crates.io-index"
checksum = "1583cc1656d7839fd3732b80cf4f38850336cdb9b8ded1cd399ca62958de3c99"
dependencies = [
 "opaque-debug",
 "polyval",
]

[[package]]
name = "group"
version = "0.11.0"
source = "registry+https://github.com/rust-lang/crates.io-index"
checksum = "bc5ac374b108929de78460075f3dc439fa66df9d8fc77e8f12caa5165fcf0c89"
dependencies = [
 "byteorder",
 "ff",
 "rand_core 0.6.4",
 "subtle",
]

[[package]]
name = "hkdf"
version = "0.12.4"
source = "registry+https://github.com/rust-lang/crates.io-index"
checksum = "7b5f8eb2ad728638ea2c7d47a21db23b7b58a72ed6a38256b8a1849f15fbbdf7"
dependencies = [
 "hmac 0.12.1",
]

[[package]]
name = "hmac"
version = "0.11.0"
source = "registry+https://github.com/rust-lang/crates.io-index"
checksum = "2a2a2320eb7ec0ebe8da8f744d7812d9fc4cb4d09344ac01898dbcb6a20ae69b"
dependencies = [
 "crypto-mac",
 "digest 0.9.0",
]

[[package]]
name = "hmac"
version = "0.12.1"
source = "registry+https://github.com/rust-lang/crates.io-index"
checksum = "6c49c37c09c17a53d937dfbb742eb3a961d65a994e6bcdcf37e7399d0cc8ab5e"
dependencies = [
 "digest 0.10.7",
]

[[package]]
name = "ident_case"
version = "1.0.1"
source = "registry+https://github.com/rust-lang/crates.io-index"
checksum = "b9e0384b61958566e926dc50660321d12159025e767c18e043daf26b70104c39"

[[package]]
name = "itoa"
version = "1.0.11"
source = "registry+https://github.com/rust-lang/crates.io-index"
checksum = "49f1f14873335454500d59611f1cf4a4b0f786f9ac11f4312a78e4cf2566695b"

[[package]]
name = "k256"
version = "0.10.4"
source = "registry+https://github.com/rust-lang/crates.io-index"
checksum = "19c3a5e0a0b8450278feda242592512e09f61c72e018b8cd5c859482802daf2d"
dependencies = [
 "cfg-if",
 "ecdsa",
 "elliptic-curve",
 "sec1",
 "sha2 0.9.9",
]

[[package]]
name = "libc"
version = "0.2.159"
source = "registry+https://github.com/rust-lang/crates.io-index"
checksum = "561d97a539a36e26a9a5fad1ea11a3039a67714694aaa379433e580854bc3dc5"

[[package]]
name = "memchr"
version = "2.7.4"
source = "registry+https://github.com/rust-lang/crates.io-index"
checksum = "78ca9ab1a0babb1e7d5695e3530886289c18cf2f87ec19a575a0abdce112e3a3"

[[package]]
name = "opaque-debug"
version = "0.3.1"
source = "registry+https://github.com/rust-lang/crates.io-index"
checksum = "c08d65885ee38876c4f86fa503fb49d7b507c2b62552df7c70b2fce627e06381"

[[package]]
name = "p256"
version = "0.10.1"
source = "registry+https://github.com/rust-lang/crates.io-index"
checksum = "19736d80675fbe9fe33426268150b951a3fb8f5cfca2a23a17c85ef3adb24e3b"
dependencies = [
 "ecdsa",
 "elliptic-curve",
 "sec1",
 "sha2 0.9.9",
]

[[package]]
name = "poly1305"
version = "0.7.2"
source = "registry+https://github.com/rust-lang/crates.io-index"
checksum = "048aeb476be11a4b6ca432ca569e375810de9294ae78f4774e78ea98a9246ede"
dependencies = [
 "cpufeatures 0.2.14",
 "opaque-debug",
 "universal-hash",
]

[[package]]
name = "polyval"
version = "0.5.3"
source = "registry+https://github.com/rust-lang/crates.io-index"
checksum = "8419d2b623c7c0896ff2d5d96e2cb4ede590fed28fcc34934f4c33c036e620a1"
dependencies = [
 "cfg-if",
 "cpufeatures 0.2.14",
 "opaque-debug",
 "universal-hash",
]

[[package]]
name = "ppv-lite86"
version = "0.2.20"
source = "registry+https://github.com/rust-lang/crates.io-index"
checksum = "77957b295656769bb8ad2b6a6b09d897d94f05c41b069aede1fcdaa675eaea04"
dependencies = [
 "zerocopy",
]

[[package]]
name = "proc-macro2"
version = "1.0.86"
source = "registry+https://github.com/rust-lang/crates.io-index"
checksum = "5e719e8df665df0d1c8fbfd238015744736151d4445ec0836b8e628aae103b77"
dependencies = [
 "unicode-ident",
]

[[package]]
name = "quote"
version = "1.0.37"
source = "registry+https://github.com/rust-lang/crates.io-index"
checksum = "b5b9d34b8991d19d98081b46eacdd8eb58c6f2b201139f7c5f643cc155a633af"
dependencies = [
 "proc-macro2",
]

[[package]]
name = "rand"
version = "0.8.5"
source = "registry+https://github.com/rust-lang/crates.io-index"
checksum = "34af8d1a0e25924bc5b7c43c079c942339d8f0a8b57c39049bef581b46327404"
dependencies = [
 "libc",
 "rand_chacha",
 "rand_core 0.6.4",
]

[[package]]
name = "rand_chacha"
version = "0.3.1"
source = "registry+https://github.com/rust-lang/crates.io-index"
checksum = "e6c10a63a0fa32252be49d21e7709d4d4baf8d231c2dbce1eaa8141b9b127d88"
dependencies = [
 "ppv-lite86",
 "rand_core 0.6.4",
]

[[package]]
name = "rand_core"
version = "0.5.1"
source = "registry+https://github.com/rust-lang/crates.io-index"
checksum = "90bde5296fc891b0cef12a6d03ddccc162ce7b2aff54160af9338f8d40df6d19"

[[package]]
name = "rand_core"
version = "0.6.4"
source = "registry+https://github.com/rust-lang/crates.io-index"
checksum = "ec0be4795e2f6a28069bec0b5ff3e2ac9bafc99e6a9a7dc3547996c5c816922c"
dependencies = [
 "getrandom",
]

[[package]]
name = "rfc6979"
version = "0.1.0"
source = "registry+https://github.com/rust-lang/crates.io-index"
checksum = "96ef608575f6392792f9ecf7890c00086591d29a83910939d430753f7c050525"
dependencies = [
 "crypto-bigint",
 "hmac 0.11.0",
 "zeroize",
]

[[package]]
name = "ryu"
version = "1.0.18"
source = "registry+https://github.com/rust-lang/crates.io-index"
checksum = "f3cb5ba0dc43242ce17de99c180e96db90b235b8a9fdc9543c96d2209116bd9f"

[[package]]
name = "salsa20"
version = "0.8.0"
source = "registry+https://github.com/rust-lang/crates.io-index"
checksum = "1c7c5f10864beba947e1a1b43f3ef46c8cc58d1c2ae549fa471713e8ff60787a"
dependencies = [
 "cipher",
 "zeroize",
]

[[package]]
name = "sec1"
version = "0.2.1"
source = "registry+https://github.com/rust-lang/crates.io-index"
checksum = "08da66b8b0965a5555b6bd6639e68ccba85e1e2506f5fbb089e93f8a04e1a2d1"
dependencies = [
 "der",
 "generic-array",
 "subtle",
 "zeroize",
]

[[package]]
name = "serde"
version = "1.0.210"
source = "registry+https://github.com/rust-lang/crates.io-index"
checksum = "c8e3592472072e6e22e0a54d5904d9febf8508f65fb8552499a1abc7d1078c3a"
dependencies = [
 "serde_derive",
]

[[package]]
name = "serde-enum-str"
version = "0.1.4"
source = "registry+https://github.com/rust-lang/crates.io-index"
checksum = "36a8922181ec93763421619030001d9d9acdc30a968b2067b6b17df7fee350cd"
dependencies = [
 "darling",
 "proc-macro2",
 "quote",
 "syn 1.0.109",
]

[[package]]
name = "serde-json-core"
version = "0.4.0"
source = "registry+https://github.com/rust-lang/crates.io-index"
checksum = "8014aeea272bca0f0779778d43253f2f3375b414185b30e6ecc4d3e4a9994781"
dependencies = [
 "ryu",
 "serde",
]

[[package]]
name = "serde_derive"
version = "1.0.210"
source = "registry+https://github.com/rust-lang/crates.io-index"
checksum = "243902eda00fad750862fc144cea25caca5e20d615af0a81bee94ca738f1df1f"
dependencies = [
 "proc-macro2",
 "quote",
 "syn 2.0.79",
]

[[package]]
name = "serde_json"
version = "1.0.128"
source = "registry+https://github.com/rust-lang/crates.io-index"
checksum = "6ff5456707a1de34e7e37f2a6fd3d3f808c318259cbd01ab6377795054b483d8"
dependencies = [
 "itoa",
 "memchr",
 "ryu",
 "serde",
]

[[package]]
name = "sha2"
version = "0.9.9"
source = "registry+https://github.com/rust-lang/crates.io-index"
checksum = "4d58a1e1bf39749807d89cf2d98ac2dfa0ff1cb3faa38fbb64dd88ac8013d800"
dependencies = [
 "block-buffer 0.9.0",
 "cfg-if",
 "cpufeatures 0.2.14",
 "digest 0.9.0",
 "opaque-debug",
]

[[package]]
name = "sha2"
version = "0.10.8"
source = "registry+https://github.com/rust-lang/crates.io-index"
checksum = "793db75ad2bcafc3ffa7c68b215fee268f537982cd901d132f89c6343f3a3dc8"
dependencies = [
 "cfg-if",
 "cpufeatures 0.2.14",
 "digest 0.10.7",
]

[[package]]
name = "signature"
version = "1.4.0"
source = "registry+https://github.com/rust-lang/crates.io-index"
checksum = "02658e48d89f2bec991f9a78e69cfa4c316f8d6a6c4ec12fae1aeb263d486788"
dependencies = [
 "digest 0.9.0",
 "rand_core 0.6.4",
]

[[package]]
name = "subtle"
version = "2.4.1"
source = "registry+https://github.com/rust-lang/crates.io-index"
checksum = "6bdef32e8150c2a081110b42772ffe7d7c9032b606bc226c8260fd97e0976601"

[[package]]
name = "syn"
version = "1.0.109"
source = "registry+https://github.com/rust-lang/crates.io-index"
checksum = "72b64191b275b66ffe2469e8af2c1cfe3bafa67b529ead792a6d0160888b4237"
dependencies = [
 "proc-macro2",
 "quote",
 "unicode-ident",
]

[[package]]
name = "syn"
version = "2.0.79"
source = "registry+https://github.com/rust-lang/crates.io-index"
checksum = "89132cd0bf050864e1d38dc3bbc07a0eb8e7530af26344d3d2bbbef83499f590"
dependencies = [
 "proc-macro2",
 "quote",
 "unicode-ident",
]

[[package]]
name = "thiserror"
version = "1.0.64"
source = "registry+https://github.com/rust-lang/crates.io-index"
checksum = "d50af8abc119fb8bb6dbabcfa89656f46f84aa0ac7688088608076ad2b459a84"
dependencies = [
 "thiserror-impl",
]

[[package]]
name = "thiserror-impl"
version = "1.0.64"
source = "registry+https://github.com/rust-lang/crates.io-index"
checksum = "08904e7672f5eb876eaaf87e0ce17857500934f4981c4a0ab2b4aa98baac7fc3"
dependencies = [
 "proc-macro2",
 "quote",
 "syn 2.0.79",
]

[[package]]
name = "typenum"
version = "1.17.0"
source = "registry+https://github.com/rust-lang/crates.io-index"
checksum = "42ff0bf0c66b8238c6f3b578df37d0b7848e55df8577b3f74f92a69acceeb825"

[[package]]
name = "unicode-ident"
version = "1.0.13"
source = "registry+https://github.com/rust-lang/crates.io-index"
checksum = "e91b56cd4cadaeb79bbf1a5645f6b4f8dc5bde8834ad5894a8db35fda9efa1fe"

[[package]]
name = "universal-hash"
version = "0.4.1"
source = "registry+https://github.com/rust-lang/crates.io-index"
checksum = "9f214e8f697e925001e66ec2c6e37a4ef93f0f78c2eed7814394e10c62025b05"
dependencies = [
 "generic-array",
 "subtle",
]

[[package]]
name = "uuid"
version = "0.8.2"
source = "registry+https://github.com/rust-lang/crates.io-index"
checksum = "bc5cf98d8186244414c848017f0e2676b3fcb46807f6668a97dfe67359a3c4b7"
dependencies = [
 "getrandom",
]

[[package]]
name = "varint"
version = "0.9.0"
source = "registry+https://github.com/rust-lang/crates.io-index"
checksum = "c37be5674e0be9c72790681999b0e6f09f03d3fc5d8904cfe2db615aad65887b"
dependencies = [
 "bit_utils",
]

[[package]]
name = "version_check"
version = "0.9.5"
source = "registry+https://github.com/rust-lang/crates.io-index"
checksum = "0b928f33d975fc6ad9f86c8f283853ad26bdd5b10b7f1542aa2fa15e2289105a"

[[package]]
name = "wasi"
version = "0.11.0+wasi-snapshot-preview1"
source = "registry+https://github.com/rust-lang/crates.io-index"
checksum = "9c8d87e72b64a3b4db28d11ce29237c246188f4f51057d65a7eab63b7987e423"

[[package]]
name = "x25519-dalek"
version = "1.1.1"
source = "registry+https://github.com/rust-lang/crates.io-index"
checksum = "5a0c105152107e3b96f6a00a65e86ce82d9b125230e1c4302940eca58ff71f4f"
dependencies = [
 "curve25519-dalek",
 "rand_core 0.5.1",
 "zeroize",
]

[[package]]
name = "xsalsa20poly1305"
version = "0.7.1"
source = "registry+https://github.com/rust-lang/crates.io-index"
checksum = "a214b4d445e6534a858c970b44eb526c398dbfaa2961e3efb637307af634284d"
dependencies = [
 "aead",
 "poly1305",
 "rand_core 0.6.4",
 "salsa20",
 "subtle",
 "zeroize",
]

[[package]]
name = "zerocopy"
version = "0.7.35"
source = "registry+https://github.com/rust-lang/crates.io-index"
checksum = "1b9b4fd18abc82b8136838da5d50bae7bdea537c574d8dc1a34ed098d6c166f0"
dependencies = [
 "byteorder",
 "zerocopy-derive",
]

[[package]]
name = "zerocopy-derive"
version = "0.7.35"
source = "registry+https://github.com/rust-lang/crates.io-index"
checksum = "fa4f8080344d4671fb4e831a13ad1e68092748387dfc4f55e356242fae12ce3e"
dependencies = [
 "proc-macro2",
 "quote",
 "syn 2.0.79",
]

[[package]]
name = "zeroize"
version = "1.8.1"
source = "registry+https://github.com/rust-lang/crates.io-index"
checksum = "ced3678a2879b30306d323f4542626697a464a97c0a07c9aebf7ebca65cd4dde"
dependencies = [
 "zeroize_derive",
]

[[package]]
name = "zeroize_derive"
version = "1.4.2"
source = "registry+https://github.com/rust-lang/crates.io-index"
checksum = "ce36e65b0d2999d2aafac989fb249189a141aee1f53c612c1f37d72631959f69"
dependencies = [
 "proc-macro2",
 "quote",
 "syn 2.0.79",
]
